lockfileVersion: '9.0'

settings:
  autoInstallPeers: true
  excludeLinksFromLockfile: false

importers:

  .:
    dependencies:
      '@inquirer/prompts':
        specifier: ^7.2.3
        version: 7.2.3(@types/node@22.10.5)
      axios:
        specifier: ^1.7.9
        version: 1.7.9
      fast-glob:
        specifier: ^3.3.3
        version: 3.3.3
      fs-extra:
        specifier: ^11.3.0
        version: 11.3.0
      ora:
        specifier: ^8.1.1
        version: 8.1.1
      vue-i18n-extract:
        specifier: ^2.0.7
        version: 2.0.7
    devDependencies:
      '@types/fs-extra':
        specifier: ^11.0.4
        version: 11.0.4
      '@types/node':
        specifier: ^22.10.5
        version: 22.10.5

packages:

  '@inquirer/checkbox@4.0.6':
    resolution: {integrity: sha1-5xQBp+GQAzLxftaMFyqJ/iAiX0k=}
    engines: {node: '>=18'}
    peerDependencies:
      '@types/node': '>=18'

  '@inquirer/confirm@5.1.3':
    resolution: {integrity: sha1-wa1XZj9UdYmBgRzLhvgjBy3fXBo=}
    engines: {node: '>=18'}
    peerDependencies:
      '@types/node': '>=18'

  '@inquirer/core@10.1.4':
    resolution: {integrity: sha1-AjlOaNiUAhk1ysoNEPxo/U86Pq0=}
    engines: {node: '>=18'}

  '@inquirer/editor@4.2.3':
    resolution: {integrity: sha1-CFitzQfZYHsGFHeOqlzoqDhxw2c=}
    engines: {node: '>=18'}
    peerDependencies:
      '@types/node': '>=18'

  '@inquirer/expand@4.0.6':
    resolution: {integrity: sha1-hnbmBJxhFPswbfIzWDdb2E+hySw=}
    engines: {node: '>=18'}
    peerDependencies:
      '@types/node': '>=18'

  '@inquirer/figures@1.0.9':
    resolution: {integrity: sha1-nYEo+CdM3kygCcqFRzN8qz83pKM=}
    engines: {node: '>=18'}

  '@inquirer/input@4.1.3':
    resolution: {integrity: sha1-+g6po5Ky7E3ddjxQTQsMiDmkj+I=}
    engines: {node: '>=18'}
    peerDependencies:
      '@types/node': '>=18'

  '@inquirer/number@3.0.6':
    resolution: {integrity: sha1-GbukZyXfGUvdkHdiz0MqN+BTswA=}
    engines: {node: '>=18'}
    peerDependencies:
      '@types/node': '>=18'

  '@inquirer/password@4.0.6':
    resolution: {integrity: sha1-S77hL+fNHTdDVAEJjClt3EWGhhs=}
    engines: {node: '>=18'}
    peerDependencies:
      '@types/node': '>=18'

  '@inquirer/prompts@7.2.3':
    resolution: {integrity: sha1-ig18tTENQpv4FdJbv/EIN1/GMVs=}
    engines: {node: '>=18'}
    peerDependencies:
      '@types/node': '>=18'

  '@inquirer/rawlist@4.0.6':
    resolution: {integrity: sha1-tV1YKNhQ8HvGeSu847KpY+M7PvU=}
    engines: {node: '>=18'}
    peerDependencies:
      '@types/node': '>=18'

  '@inquirer/search@3.0.6':
    resolution: {integrity: sha1-VTfj9Gt9MatlyiK4Mc9Ub4jbHVs=}
    engines: {node: '>=18'}
    peerDependencies:
      '@types/node': '>=18'

  '@inquirer/select@4.0.6':
    resolution: {integrity: sha1-MGLALIL3u+I4lyZy3vbYOUcyuys=}
    engines: {node: '>=18'}
    peerDependencies:
      '@types/node': '>=18'

  '@inquirer/type@3.0.2':
    resolution: {integrity: sha1-uv+fjXCUcYHes2dyzZpbaHbT5gw=}
    engines: {node: '>=18'}
    peerDependencies:
      '@types/node': '>=18'

  '@nodelib/fs.scandir@2.1.5':
    resolution: {integrity: sha1-dhnC6yGyVIP20WdUi0z9WnSIw9U=}
    engines: {node: '>= 8'}

  '@nodelib/fs.stat@2.0.5':
    resolution: {integrity: sha1-W9Jir5Tp0lvR5xsF3u1Eh2oiLos=}
    engines: {node: '>= 8'}

  '@nodelib/fs.walk@1.2.8':
    resolution: {integrity: sha1-6Vc36LtnRt3t9pxVaVNJTxlv5po=}
    engines: {node: '>= 8'}

  '@types/fs-extra@11.0.4':
    resolution: {integrity: sha1-4WqGO7iEP7qMUAQ2K1pz4XvsykU=}

  '@types/jsonfile@6.1.4':
    resolution: {integrity: sha1-YUr+waEWTn1nC0p61k3z5763twI=}

  '@types/node@22.10.5':
    resolution: {integrity: sha1-la+Jo/t0ortB75kn8gbmRyAm5Is=}

  ansi-escapes@4.3.2:
    resolution: {integrity: sha1-ayKR0dt9mLZSHV8e+kLQ86n+tl4=}
    engines: {node: '>=8'}

  ansi-regex@5.0.1:
    resolution: {integrity: sha1-CCyyyJyf6GWaMRpTvWpNxTAdswQ=}
    engines: {node: '>=8'}

  ansi-regex@6.1.0:
    resolution: {integrity: sha512-7HSX4QQb4CspciLpVFwyRe79O3xsIZDDLER21kERQ71oaPodF8jL725AgJMFAYbooIqolJoRLuM81SpeUkpkvA==}
    engines: {node: '>=12'}

  ansi-styles@4.3.0:
    resolution: {integrity: sha1-7dgDYornHATIWuegkG7a00tkiTc=}
    engines: {node: '>=8'}

  argparse@2.0.1:
    resolution: {integrity: sha1-JG9Q88p4oyQPbJl+ipvR6sSeSzg=}

  asynckit@0.4.0:
    resolution: {integrity: sha512-Oei9OH4tRh0YqU3GxhX79dM/mwVgvbZJaSNaRk+bshkj0S5cfHcgYakreBjrHwatXKbz+IoIdYLxrKim2MjW0Q==}

  axios@1.7.9:
    resolution: {integrity: sha512-LhLcE7Hbiryz8oMDdDptSrWowmB4Bl6RCt6sIJKpRB4XtVf0iEgewX3au/pJqm+Py1kCASkb/FFKjxQaLtxJvw==}

  balanced-match@1.0.2:
    resolution: {integrity: sha1-6D46fj8wCzTLnYf2FfoMvzV2kO4=}

  brace-expansion@1.1.11:
    resolution: {integrity: sha1-PH/L9SnYcibz0vUrlm/1Jx60Qd0=}

  brace-expansion@2.0.1:
    resolution: {integrity: sha1-HtxFng8MVISG7Pn8mfIiE2S5oK4=}

  braces@3.0.3:
    resolution: {integrity: sha1-SQMy9AkZRSJy1VqEgK3AxEE1h4k=}
    engines: {node: '>=8'}

  cac@6.7.14:
    resolution: {integrity: sha1-gE4eb1Bu42PLDjzLsJytXdmHCVk=}
    engines: {node: '>=8'}

  chalk@5.4.1:
    resolution: {integrity: sha512-zgVZuo2WcZgfUEmsn6eO3kINexW8RAE4maiQ8QNs8CtpPCSyMiYsULR3HQYkm3w8FIA3SberyMJMSldGsW+U3w==}
    engines: {node: ^12.17.0 || ^14.13 || >=16.0.0}

  chardet@0.7.0:
    resolution: {integrity: sha1-kAlISfCTfy7twkJdDSip5fDLrZ4=}

  cli-cursor@5.0.0:
    resolution: {integrity: sha512-aCj4O5wKyszjMmDT4tZj93kxyydN/K5zPWSCe6/0AV/AA1pqe5ZBIw0a2ZfPQV7lL5/yb5HsUreJ6UFAF1tEQw==}
    engines: {node: '>=18'}

  cli-spinners@2.9.2:
    resolution: {integrity: sha512-ywqV+5MmyL4E7ybXgKys4DugZbX0FC6LnwrhjuykIjnK9k8OQacQ7axGKnjDXWNhns0xot3bZI5h55H8yo9cJg==}
    engines: {node: '>=6'}

  cli-width@4.1.0:
    resolution: {integrity: sha1-QtqsQdPCVO84rYrAN2chMBc2kcU=}
    engines: {node: '>= 12'}

  color-convert@2.0.1:
    resolution: {integrity: sha1-ctOmjVmMm9s68q0ehPIdiWq9TeM=}
    engines: {node: '>=7.0.0'}

  color-name@1.1.4:
    resolution: {integrity: sha1-wqCah6y95pVD3m9j+jmVyCbFNqI=}

  combined-stream@1.0.8:
    resolution: {integrity: sha512-FQN4MRfuJeHf7cBbBMJFXhKSDq+2kAArBlmRBvcvFE5BB1HZKXtSFASDhdlz9zOYwxh8lDdnvmMOe/+5cdoEdg==}
    engines: {node: '>= 0.8'}

  commander@6.2.1:
    resolution: {integrity: sha1-B5LraC37wyWZm7K4T93duhEKxzw=}
    engines: {node: '>= 6'}

  concat-map@0.0.1:
    resolution: {integrity: sha1-2Klr13/Wjfd5OnMDajug1UBdR3s=}

  delayed-stream@1.0.0:
    resolution: {integrity: sha512-ZySD7Nf91aLB0RxL4KGrKHBXl7Eds1DAmEdcoVawXnLD7SDhpNgtuII2aAkg7a7QS41jxPSZ17p4VdGnMHk3MQ==}
    engines: {node: '>=0.4.0'}

  dot-object@2.1.5:
    resolution: {integrity: sha1-D/Dxv/QsR/8GJyCBsghljAoCMcI=}
    hasBin: true

  emoji-regex@10.4.0:
    resolution: {integrity: sha512-EC+0oUMY1Rqm4O6LLrgjtYDvcVYTy7chDnM4Q7030tP4Kwj3u/pR6gP9ygnp2CJMK5Gq+9Q2oqmrFJAz01DXjw==}

  emoji-regex@8.0.0:
    resolution: {integrity: sha1-6Bj9ac5cz8tARZT4QpY79TFkzDc=}

  external-editor@3.1.0:
    resolution: {integrity: sha1-ywP3QL764D6k0oPK7SdBqD8zVJU=}
    engines: {node: '>=4'}

  fast-glob@3.3.3:
    resolution: {integrity: sha1-0G1YXOjbqQoWsFBcVDw8z7OuuBg=}
    engines: {node: '>=8.6.0'}

  fastq@1.18.0:
    resolution: {integrity: sha1-1jHX4l+v/qgYh/5eqMkBDhs2/uA=}

  fill-range@7.1.1:
    resolution: {integrity: sha1-RCZdPKwH4+p9wkdRY4BkN1SgUpI=}
    engines: {node: '>=8'}

  follow-redirects@1.15.9:
    resolution: {integrity: sha512-gew4GsXizNgdoRyqmyfMHyAmXsZDk6mHkSxZFCzW9gwlbtOW44CDtYavM+y+72qD/Vq2l550kMF52DT8fOLJqQ==}
    engines: {node: '>=4.0'}
    peerDependencies:
      debug: '*'
    peerDependenciesMeta:
      debug:
        optional: true

  form-data@4.0.1:
    resolution: {integrity: sha512-tzN8e4TX8+kkxGPK8D5u0FNmjPUjw3lwC9lSLxxoB/+GtsJG91CO8bSWy73APlgAZzZbXEYZJuxjkHH2w+Ezhw==}
    engines: {node: '>= 6'}

  fs-extra@11.3.0:
    resolution: {integrity: sha1-DaztE2u69lpVWjJnGa+TGtx6MU0=}
    engines: {node: '>=14.14'}

  fs.realpath@1.0.0:
    resolution: {integrity: sha1-FQStJSMVjKpA20onh8sBQRmU6k8=}

  get-east-asian-width@1.3.0:
    resolution: {integrity: sha512-vpeMIQKxczTD/0s2CdEWHcb0eeJe6TFjxb+J5xgX7hScxqrGuyjmv4c1D4A/gelKfyox0gJJwIHF+fLjeaM8kQ==}
    engines: {node: '>=18'}

  glob-parent@5.1.2:
    resolution: {integrity: sha1-hpgyxYA0/mikCTwX3BXoNA2EAcQ=}
    engines: {node: '>= 6'}

  glob@7.2.3:
    resolution: {integrity: sha1-uN8PuAK7+o6JvR2Ti04WV47UTys=}
    deprecated: Glob versions prior to v9 are no longer supported

  glob@8.1.0:
    resolution: {integrity: sha1-04j2Vlk+9wjuPjRkD9+5mp/Rwz4=}
    engines: {node: '>=12'}
    deprecated: Glob versions prior to v9 are no longer supported

  graceful-fs@4.2.11:
    resolution: {integrity: sha1-QYPk6L8Iu24Fu7L30uDI9xLKQOM=}

  iconv-lite@0.4.24:
    resolution: {integrity: sha1-ICK0sl+93CHS9SSXSkdKr+czkIs=}
    engines: {node: '>=0.10.0'}

  inflight@1.0.6:
    resolution: {integrity: sha1-Sb1jMdfQLQwJvJEKEHW6gWW1bfk=}
    deprecated: This module is not supported, and leaks memory. Do not use it. Check out lru-cache if you want a good and tested way to coalesce async requests by a key value, which is much more comprehensive and powerful.

  inherits@2.0.4:
    resolution: {integrity: sha1-D6LGT5MpF8NDOg3tVTY6rjdBa3w=}

  is-extglob@2.1.1:
    resolution: {integrity: sha1-qIwCU1eR8C7TfHahueqXc8gz+MI=}
    engines: {node: '>=0.10.0'}

  is-fullwidth-code-point@3.0.0:
    resolution: {integrity: sha1-8Rb4Bk/pCz94RKOJl8C3UFEmnx0=}
    engines: {node: '>=8'}

  is-glob@4.0.3:
    resolution: {integrity: sha1-ZPYeQsu7LuwgcanawLKLoeZdUIQ=}
    engines: {node: '>=0.10.0'}

  is-interactive@2.0.0:
    resolution: {integrity: sha512-qP1vozQRI+BMOPcjFzrjXuQvdak2pHNUMZoeG2eRbiSqyvbEf/wQtEOTOX1guk6E3t36RkaqiSt8A/6YElNxLQ==}
    engines: {node: '>=12'}

  is-number@7.0.0:
    resolution: {integrity: sha1-dTU0W4lnNNX4DE0GxQlVUnoU8Ss=}
    engines: {node: '>=0.12.0'}

  is-unicode-supported@1.3.0:
    resolution: {integrity: sha512-43r2mRvz+8JRIKnWJ+3j8JtjRKZ6GmjzfaE/qiBJnikNnYv/6bagRJ1kUhNk8R5EX/GkobD+r+sfxCPJsiKBLQ==}
    engines: {node: '>=12'}

  is-unicode-supported@2.1.0:
    resolution: {integrity: sha512-mE00Gnza5EEB3Ds0HfMyllZzbBrmLOX3vfWoj9A9PEnTfratQ/BcaJOuMhnkhjXvb2+FkY3VuHqtAGpTPmglFQ==}
    engines: {node: '>=18'}

  is-valid-glob@1.0.0:
    resolution: {integrity: sha1-Kb8+/3Ab4tTTFdusw5vDn+j2Aao=}
    engines: {node: '>=0.10.0'}

  js-yaml@4.1.0:
    resolution: {integrity: sha1-wftl+PUBeQHN0slRhkuhhFihBgI=}
    hasBin: true

  jsonfile@6.1.0:
    resolution: {integrity: sha1-vFWyY0eTxnnsZAMJTrE2mKbsCq4=}

  log-symbols@6.0.0:
    resolution: {integrity: sha512-i24m8rpwhmPIS4zscNzK6MSEhk0DUWa/8iYQWxhffV8jkI4Phvs3F+quL5xvS0gdQR0FyTCMMH33Y78dDTzzIw==}
    engines: {node: '>=18'}

  merge2@1.4.1:
    resolution: {integrity: sha1-Q2iJL4hekHRVpv19xVwMnUBJkK4=}
    engines: {node: '>= 8'}

  micromatch@4.0.8:
    resolution: {integrity: sha1-1m+hjzpHB2eJMgubGvMr2G2fogI=}
    engines: {node: '>=8.6'}

  mime-db@1.52.0:
    resolution: {integrity: sha512-sPU4uV7dYlvtWJxwwxHD0PuihVNiE7TyAbQ5SWxDCB9mUYvOgroQOwYQQOKPJ8CIbE+1ETVlOoK1UC2nU3gYvg==}
    engines: {node: '>= 0.6'}

  mime-types@2.1.35:
    resolution: {integrity: sha512-ZDY+bPm5zTTF+YpCrAU9nK0UgICYPT0QtT1NZWFv4s++TNkcgVaT0g6+4R2uI4MjQjzysHB1zxuWL50hzaeXiw==}
    engines: {node: '>= 0.6'}

  mimic-function@5.0.1:
    resolution: {integrity: sha512-VP79XUPxV2CigYP3jWwAUFSku2aKqBH7uTAapFWCBqutsbmDo96KY5o8uh6U+/YSIn5OxJnXp73beVkpqMIGhA==}
    engines: {node: '>=18'}

  minimatch@3.1.2:
    resolution: {integrity: sha1-Gc0ZS/0+Qo8EmnCBfAONiatL41s=}

  minimatch@5.1.6:
    resolution: {integrity: sha1-HPy4z1Ui6mmVLNKvla4JR38SKpY=}
    engines: {node: '>=10'}

  mute-stream@2.0.0:
    resolution: {integrity: sha1-pURvwMUStxyDxE2QjVx7e0xJOys=}
    engines: {node: ^18.17.0 || >=20.5.0}

  once@1.4.0:
    resolution: {integrity: sha1-WDsap3WWHUsROsF9nFC6753Xa9E=}

  onetime@7.0.0:
    resolution: {integrity: sha512-VXJjc87FScF88uafS3JllDgvAm+c/Slfz06lorj2uAY34rlUu0Nt+v8wreiImcrgAjjIHp1rXpTDlLOGw29WwQ==}
    engines: {node: '>=18'}

  ora@8.1.1:
    resolution: {integrity: sha512-YWielGi1XzG1UTvOaCFaNgEnuhZVMSHYkW/FQ7UX8O26PtlpdM84c0f7wLPlkvx2RfiQmnzd61d/MGxmpQeJPw==}
    engines: {node: '>=18'}

  os-tmpdir@1.0.2:
    resolution: {integrity: sha1-u+Z0BseaqFxc/sdm/lc0VV36EnQ=}
    engines: {node: '>=0.10.0'}

  path-is-absolute@1.0.1:
    resolution: {integrity: sha1-F0uSaHNVNP+8es5r9TpanhtcX18=}
    engines: {node: '>=0.10.0'}

  picomatch@2.3.1:
    resolution: {integrity: sha1-O6ODNzNkbZ0+SZWUbBNlpn+wekI=}
    engines: {node: '>=8.6'}

  proxy-from-env@1.1.0:
    resolution: {integrity: sha512-D+zkORCbA9f1tdWRK0RaCR3GPv50cMxcrz4X8k5LTSUD1Dkw47mKJEZQNunItRTkWwgtaUSo1RVFRIG9ZXiFYg==}

  queue-microtask@1.2.3:
    resolution: {integrity: sha1-SSkii7xyTfrEPg77BYyve2z7YkM=}

  restore-cursor@5.1.0:
    resolution: {integrity: sha512-oMA2dcrw6u0YfxJQXm342bFKX/E4sG9rbTzO9ptUcR/e8A33cHuvStiYOwH7fszkZlZ1z/ta9AAoPk2F4qIOHA==}
    engines: {node: '>=18'}

  reusify@1.0.4:
    resolution: {integrity: sha1-kNo4Kx4SbvwCFG6QhFqI2xKSXXY=}
    engines: {iojs: '>=1.0.0', node: '>=0.10.0'}

  run-parallel@1.2.0:
    resolution: {integrity: sha1-ZtE2jae9+SHrnZW9GpIp5/IaQ+4=}

  safer-buffer@2.1.2:
    resolution: {integrity: sha1-RPoWGwGHuVSd2Eu5GAL5vYOFzWo=}

  signal-exit@4.1.0:
    resolution: {integrity: sha512-bzyZ1e88w9O1iNJbKnOlvYTrWPDl46O1bG0D3XInv+9tkPrxrN8jUUTiFlDkkmKWgn1M6CfIA13SuGqOa9Korw==}
    engines: {node: '>=14'}

  stdin-discarder@0.2.2:
    resolution: {integrity: sha512-UhDfHmA92YAlNnCfhmq0VeNL5bDbiZGg7sZ2IvPsXubGkiNa9EC+tUTsjBRsYUAz87btI6/1wf4XoVvQ3uRnmQ==}
    engines: {node: '>=18'}

  string-width@4.2.3:
    resolution: {integrity: sha1-JpxxF9J7Ba0uU2gwqOyJXvnG0BA=}
    engines: {node: '>=8'}

  string-width@7.2.0:
    resolution: {integrity: sha512-tsaTIkKW9b4N+AEj+SVA+WhJzV7/zMhcSu78mLKWSk7cXMOSHsBKFWUs0fWwq8QyK3MgJBQRX6Gbi4kYbdvGkQ==}
    engines: {node: '>=18'}

  strip-ansi@6.0.1:
    resolution: {integrity: sha1-nibGPTD1NEPpSJSVshBdN7Z6hdk=}
    engines: {node: '>=8'}

  strip-ansi@7.1.0:
    resolution: {integrity: sha512-iq6eVVI64nQQTRYq2KtEg2d2uU7LElhTJwsH4YzIHZshxlgZms/wIc4VoDQTlG/IvVIrBKG06CrZnp0qv7hkcQ==}
    engines: {node: '>=12'}

  tmp@0.0.33:
    resolution: {integrity: sha1-bTQzWIl2jSGyvNoKonfO07G/rfk=}
    engines: {node: '>=0.6.0'}

  to-regex-range@5.0.1:
    resolution: {integrity: sha1-FkjESq58jZiKMmAY7XL1tN0DkuQ=}
    engines: {node: '>=8.0'}

  type-fest@0.21.3:
    resolution: {integrity: sha1-0mCiSwGYQ24TP6JqUkptZfo7Ljc=}
    engines: {node: '>=10'}

  undici-types@6.20.0:
    resolution: {integrity: sha1-gXG/IsH1iNFVTVW/IEvGJK84hDM=}

  universalify@2.0.1:
    resolution: {integrity: sha1-Fo78IYCWTmOG0GHglN9hr+I5sY0=}
    engines: {node: '>= 10.0.0'}

  vue-i18n-extract@2.0.7:
    resolution: {integrity: sha1-lXmAN8KuV/TsX9nSJn0lWbyU5eg=}
    hasBin: true

  wrap-ansi@6.2.0:
    resolution: {integrity: sha1-6Tk7oHEC5skaOyIUePAlfNKFblM=}
    engines: {node: '>=8'}

  wrappy@1.0.2:
    resolution: {integrity: sha1-tSQ9jz7BqjXxNkYFvA0QNuMKtp8=}

  yoctocolors-cjs@2.1.2:
    resolution: {integrity: sha1-9LkFqECjdQaBOnrKoo/r6XdnokI=}
    engines: {node: '>=18'}

snapshots:

  '@inquirer/checkbox@4.0.6(@types/node@22.10.5)':
    dependencies:
      '@inquirer/core': 10.1.4(@types/node@22.10.5)
      '@inquirer/figures': 1.0.9
      '@inquirer/type': 3.0.2(@types/node@22.10.5)
      '@types/node': 22.10.5
      ansi-escapes: 4.3.2
      yoctocolors-cjs: 2.1.2

  '@inquirer/confirm@5.1.3(@types/node@22.10.5)':
    dependencies:
      '@inquirer/core': 10.1.4(@types/node@22.10.5)
      '@inquirer/type': 3.0.2(@types/node@22.10.5)
      '@types/node': 22.10.5

  '@inquirer/core@10.1.4(@types/node@22.10.5)':
    dependencies:
      '@inquirer/figures': 1.0.9
      '@inquirer/type': 3.0.2(@types/node@22.10.5)
      ansi-escapes: 4.3.2
      cli-width: 4.1.0
      mute-stream: 2.0.0
      signal-exit: 4.1.0
      strip-ansi: 6.0.1
      wrap-ansi: 6.2.0
      yoctocolors-cjs: 2.1.2
    transitivePeerDependencies:
      - '@types/node'

  '@inquirer/editor@4.2.3(@types/node@22.10.5)':
    dependencies:
      '@inquirer/core': 10.1.4(@types/node@22.10.5)
      '@inquirer/type': 3.0.2(@types/node@22.10.5)
      '@types/node': 22.10.5
      external-editor: 3.1.0

  '@inquirer/expand@4.0.6(@types/node@22.10.5)':
    dependencies:
      '@inquirer/core': 10.1.4(@types/node@22.10.5)
      '@inquirer/type': 3.0.2(@types/node@22.10.5)
      '@types/node': 22.10.5
      yoctocolors-cjs: 2.1.2

  '@inquirer/figures@1.0.9': {}

  '@inquirer/input@4.1.3(@types/node@22.10.5)':
    dependencies:
      '@inquirer/core': 10.1.4(@types/node@22.10.5)
      '@inquirer/type': 3.0.2(@types/node@22.10.5)
      '@types/node': 22.10.5

  '@inquirer/number@3.0.6(@types/node@22.10.5)':
    dependencies:
      '@inquirer/core': 10.1.4(@types/node@22.10.5)
      '@inquirer/type': 3.0.2(@types/node@22.10.5)
      '@types/node': 22.10.5

  '@inquirer/password@4.0.6(@types/node@22.10.5)':
    dependencies:
      '@inquirer/core': 10.1.4(@types/node@22.10.5)
      '@inquirer/type': 3.0.2(@types/node@22.10.5)
      '@types/node': 22.10.5
      ansi-escapes: 4.3.2

  '@inquirer/prompts@7.2.3(@types/node@22.10.5)':
    dependencies:
      '@inquirer/checkbox': 4.0.6(@types/node@22.10.5)
      '@inquirer/confirm': 5.1.3(@types/node@22.10.5)
      '@inquirer/editor': 4.2.3(@types/node@22.10.5)
      '@inquirer/expand': 4.0.6(@types/node@22.10.5)
      '@inquirer/input': 4.1.3(@types/node@22.10.5)
      '@inquirer/number': 3.0.6(@types/node@22.10.5)
      '@inquirer/password': 4.0.6(@types/node@22.10.5)
      '@inquirer/rawlist': 4.0.6(@types/node@22.10.5)
      '@inquirer/search': 3.0.6(@types/node@22.10.5)
      '@inquirer/select': 4.0.6(@types/node@22.10.5)
      '@types/node': 22.10.5

  '@inquirer/rawlist@4.0.6(@types/node@22.10.5)':
    dependencies:
      '@inquirer/core': 10.1.4(@types/node@22.10.5)
      '@inquirer/type': 3.0.2(@types/node@22.10.5)
      '@types/node': 22.10.5
      yoctocolors-cjs: 2.1.2

  '@inquirer/search@3.0.6(@types/node@22.10.5)':
    dependencies:
      '@inquirer/core': 10.1.4(@types/node@22.10.5)
      '@inquirer/figures': 1.0.9
      '@inquirer/type': 3.0.2(@types/node@22.10.5)
      '@types/node': 22.10.5
      yoctocolors-cjs: 2.1.2

  '@inquirer/select@4.0.6(@types/node@22.10.5)':
    dependencies:
      '@inquirer/core': 10.1.4(@types/node@22.10.5)
      '@inquirer/figures': 1.0.9
      '@inquirer/type': 3.0.2(@types/node@22.10.5)
      '@types/node': 22.10.5
      ansi-escapes: 4.3.2
      yoctocolors-cjs: 2.1.2

  '@inquirer/type@3.0.2(@types/node@22.10.5)':
    dependencies:
      '@types/node': 22.10.5

  '@nodelib/fs.scandir@2.1.5':
    dependencies:
      '@nodelib/fs.stat': 2.0.5
      run-parallel: 1.2.0

  '@nodelib/fs.stat@2.0.5': {}

  '@nodelib/fs.walk@1.2.8':
    dependencies:
      '@nodelib/fs.scandir': 2.1.5
      fastq: 1.18.0

  '@types/fs-extra@11.0.4':
    dependencies:
      '@types/jsonfile': 6.1.4
      '@types/node': 22.10.5

  '@types/jsonfile@6.1.4':
    dependencies:
      '@types/node': 22.10.5

  '@types/node@22.10.5':
    dependencies:
      undici-types: 6.20.0

  ansi-escapes@4.3.2:
    dependencies:
      type-fest: 0.21.3

  ansi-regex@5.0.1: {}

  ansi-regex@6.1.0: {}

  ansi-styles@4.3.0:
    dependencies:
      color-convert: 2.0.1

  argparse@2.0.1: {}

  asynckit@0.4.0: {}

  axios@1.7.9:
    dependencies:
      follow-redirects: 1.15.9
      form-data: 4.0.1
      proxy-from-env: 1.1.0
    transitivePeerDependencies:
      - debug

  balanced-match@1.0.2: {}

  brace-expansion@1.1.11:
    dependencies:
      balanced-match: 1.0.2
      concat-map: 0.0.1

  brace-expansion@2.0.1:
    dependencies:
      balanced-match: 1.0.2

  braces@3.0.3:
    dependencies:
      fill-range: 7.1.1

  cac@6.7.14: {}

  chalk@5.4.1: {}

  chardet@0.7.0: {}

  cli-cursor@5.0.0:
    dependencies:
      restore-cursor: 5.1.0

  cli-spinners@2.9.2: {}

  cli-width@4.1.0: {}

  color-convert@2.0.1:
    dependencies:
      color-name: 1.1.4

  color-name@1.1.4: {}

  combined-stream@1.0.8:
    dependencies:
      delayed-stream: 1.0.0

  commander@6.2.1: {}

  concat-map@0.0.1: {}

  delayed-stream@1.0.0: {}

  dot-object@2.1.5:
    dependencies:
      commander: 6.2.1
      glob: 7.2.3

  emoji-regex@10.4.0: {}

  emoji-regex@8.0.0: {}

  external-editor@3.1.0:
    dependencies:
      chardet: 0.7.0
      iconv-lite: 0.4.24
      tmp: 0.0.33

  fast-glob@3.3.3:
    dependencies:
      '@nodelib/fs.stat': 2.0.5
      '@nodelib/fs.walk': 1.2.8
      glob-parent: 5.1.2
      merge2: 1.4.1
      micromatch: 4.0.8

  fastq@1.18.0:
    dependencies:
      reusify: 1.0.4

  fill-range@7.1.1:
    dependencies:
      to-regex-range: 5.0.1

  follow-redirects@1.15.9: {}

  form-data@4.0.1:
    dependencies:
      asynckit: 0.4.0
      combined-stream: 1.0.8
      mime-types: 2.1.35

  fs-extra@11.3.0:
    dependencies:
      graceful-fs: 4.2.11
      jsonfile: 6.1.0
      universalify: 2.0.1

  fs.realpath@1.0.0: {}

  get-east-asian-width@1.3.0: {}

  glob-parent@5.1.2:
    dependencies:
      is-glob: 4.0.3

  glob@7.2.3:
    dependencies:
      fs.realpath: 1.0.0
      inflight: 1.0.6
      inherits: 2.0.4
      minimatch: 3.1.2
      once: 1.4.0
      path-is-absolute: 1.0.1

  glob@8.1.0:
    dependencies:
      fs.realpath: 1.0.0
      inflight: 1.0.6
      inherits: 2.0.4
      minimatch: 5.1.6
      once: 1.4.0

  graceful-fs@4.2.11: {}

  iconv-lite@0.4.24:
    dependencies:
      safer-buffer: 2.1.2

  inflight@1.0.6:
    dependencies:
      once: 1.4.0
      wrappy: 1.0.2

  inherits@2.0.4: {}

  is-extglob@2.1.1: {}

  is-fullwidth-code-point@3.0.0: {}

  is-glob@4.0.3:
    dependencies:
      is-extglob: 2.1.1

  is-interactive@2.0.0: {}

  is-number@7.0.0: {}

  is-unicode-supported@1.3.0: {}

  is-unicode-supported@2.1.0: {}

  is-valid-glob@1.0.0: {}

  js-yaml@4.1.0:
    dependencies:
      argparse: 2.0.1

  jsonfile@6.1.0:
    dependencies:
      universalify: 2.0.1
    optionalDependencies:
      graceful-fs: 4.2.11

  log-symbols@6.0.0:
    dependencies:
      chalk: 5.4.1
      is-unicode-supported: 1.3.0

  merge2@1.4.1: {}

  micromatch@4.0.8:
    dependencies:
      braces: 3.0.3
      picomatch: 2.3.1

  mime-db@1.52.0: {}

  mime-types@2.1.35:
    dependencies:
      mime-db: 1.52.0

  mimic-function@5.0.1: {}

  minimatch@3.1.2:
    dependencies:
      brace-expansion: 1.1.11

  minimatch@5.1.6:
    dependencies:
      brace-expansion: 2.0.1

  mute-stream@2.0.0: {}

  once@1.4.0:
    dependencies:
      wrappy: 1.0.2

  onetime@7.0.0:
    dependencies:
      mimic-function: 5.0.1

  ora@8.1.1:
    dependencies:
      chalk: 5.4.1
      cli-cursor: 5.0.0
      cli-spinners: 2.9.2
      is-interactive: 2.0.0
      is-unicode-supported: 2.1.0
      log-symbols: 6.0.0
      stdin-discarder: 0.2.2
      string-width: 7.2.0
      strip-ansi: 7.1.0

  os-tmpdir@1.0.2: {}

  path-is-absolute@1.0.1: {}

  picomatch@2.3.1: {}

  proxy-from-env@1.1.0: {}

  queue-microtask@1.2.3: {}

  restore-cursor@5.1.0:
    dependencies:
      onetime: 7.0.0
      signal-exit: 4.1.0

  reusify@1.0.4: {}

  run-parallel@1.2.0:
    dependencies:
      queue-microtask: 1.2.3

  safer-buffer@2.1.2: {}

  signal-exit@4.1.0: {}

  stdin-discarder@0.2.2: {}

  string-width@4.2.3:
    dependencies:
      emoji-regex: 8.0.0
      is-fullwidth-code-point: 3.0.0
      strip-ansi: 6.0.1

  string-width@7.2.0:
    dependencies:
      emoji-regex: 10.4.0
      get-east-asian-width: 1.3.0
      strip-ansi: 7.1.0

  strip-ansi@6.0.1:
    dependencies:
      ansi-regex: 5.0.1

  strip-ansi@7.1.0:
    dependencies:
      ansi-regex: 6.1.0

  tmp@0.0.33:
    dependencies:
      os-tmpdir: 1.0.2

  to-regex-range@5.0.1:
    dependencies:
      is-number: 7.0.0

  type-fest@0.21.3: {}

  undici-types@6.20.0: {}

  universalify@2.0.1: {}

  vue-i18n-extract@2.0.7:
    dependencies:
      cac: 6.7.14
      dot-object: 2.1.5
      glob: 8.1.0
      is-valid-glob: 1.0.0
      js-yaml: 4.1.0

  wrap-ansi@6.2.0:
    dependencies:
      ansi-styles: 4.3.0
      string-width: 4.2.3
      strip-ansi: 6.0.1

  wrappy@1.0.2: {}

  yoctocolors-cjs@2.1.2: {}
